
Microsoft Visual Studio Solution File, Format Version 12.00
# Visual Studio Version 16
VisualStudioVersion = 16.0.29806.167
MinimumVisualStudioVersion = 10.0.40219.1
Project("{8BC9CEB8-8B4A-11D0-8D11-00A0C91BC942}") = "Task1", "Task1\Task1.vcxproj", "{70629476-B0EA-48DB-97EC-8B1ECD7CDCD2}"
EndProject
Project("{8BC9CEB8-8B4A-11D0-8D11-00A0C91BC942}") = "Task2", "Task2\Task2.vcxproj", "{43A766F4-3284-482D-9D5C-D0C612397A01}"
EndProject
Project("{8BC9CEB8-8B4A-11D0-8D11-00A0C91BC942}") = "Task3", "Task3\Task3.vcxproj", "{08A50AF0-0C8C-4B0C-82C8-BC28EF197051}"
EndProject
Project("{8BC9CEB8-8B4A-11D0-8D11-00A0C91BC942}") = "Task4", "Task4\Task4.vcxproj", "{25D21B30-2516-4E43-AD71-33102348B33A}"
EndProject
Project("{8BC9CEB8-8B4A-11D0-8D11-00A0C91BC942}") = "Task5", "Task5\Task5.vcxproj", "{564F9443-847F-4365-9B86-9A94C403E6B6}"
EndProject
Project("{8BC9CEB8-8B4A-11D0-8D11-00A0C91BC942}") = "Task6", "Task6\Task6.vcxproj", "{A4160A49-100A-4302-92B8-78994074E07B}"
EndProject
Project("{8BC9CEB8-8B4A-11D0-8D11-00A0C91BC942}") = "Task7", "Task7\Task7.vcxproj", "{97990200-41E0-47BF-AFC7-F02B9DDDF4C7}"
EndProject
Project("{8BC9CEB8-8B4A-11D0-8D11-00A0C91BC942}") = "Task8", "Task8\Task8.vcxproj", "{FDCC96D7-3C4E-46C9-8C1C-E354096992C8}"
EndProject
Project("{8BC9CEB8-8B4A-11D0-8D11-00A0C91BC942}") = "Task9", "Task9\Task9.vcxproj", "{2856B4E4-D9AF-4A3C-BB35-13116BA346C8}"
EndProject
Project("{8BC9CEB8-8B4A-11D0-8D11-00A0C91BC942}") = "zTask10", "zTask10\zTask10.vcxproj", "{F62DC288-7C07-41BA-A909-F0D4EFF2711D}"
EndProject
Project("{8BC9CEB8-8B4A-11D0-8D11-00A0C91BC942}") = "zTask11", "zTask11\zTask11.vcxproj", "{02C45F05-8082-4F05-9BCA-D6EE5D8725B7}"
EndProject
Project("{8BC9CEB8-8B4A-11D0-8D11-00A0C91BC942}") = "zTask12", "zTask12\zTask12.vcxproj", "{871C6844-7140-488F-A48E-E8019E6E928E}"
EndProject
Project("{8BC9CEB8-8B4A-11D0-8D11-00A0C91BC942}") = "zTask13", "zTask13\zTask13.vcxproj", "{B84AAEBC-42B8-491E-8067-B15502DC9CA4}"
EndProject
Project("{8BC9CEB8-8B4A-11D0-8D11-00A0C91BC942}") = "zTask14", "zTask14\zTask14.vcxproj", "{F52B20C3-0ADE-4129-AE5B-A8403C04F987}"
EndProject
Project("{8BC9CEB8-8B4A-11D0-8D11-00A0C91BC942}") = "zTask15", "zTask15\zTask15.vcxproj", "{90599DFD-4A9B-44F5-B1E0-12B7A891FA3C}"
EndProject
Project("{8BC9CEB8-8B4A-11D0-8D11-00A0C91BC942}") = "zTask16", "zTask16\zTask16.vcxproj", "{7D8FC7C4-3659-430A-9A88-35BA61C56B67}"
EndProject
Project("{8BC9CEB8-8B4A-11D0-8D11-00A0C91BC942}") = "zTask17", "zTask17\zTask17.vcxproj", "{9970BDEE-D802-4CC8-B818-8B8D6833C418}"
EndProject
Project("{8BC9CEB8-8B4A-11D0-8D11-00A0C91BC942}") = "zTask18", "zTask18\zTask18.vcxproj", "{DBA94346-6773-46CA-879D-0203D4B87A93}"
EndProject
Project("{8BC9CEB8-8B4A-11D0-8D11-00A0C91BC942}") = "zTask19", "zTask19\zTask19.vcxproj", "{CC9E1863-61BB-4935-AF56-BF136F9BA00B}"
EndProject
Project("{8BC9CEB8-8B4A-11D0-8D11-00A0C91BC942}") = "zTask20", "zTask20\zTask20.vcxproj", "{55EA992F-089D-49C4-8121-122A44E736F5}"
EndProject
Project("{2150E333-8FDC-42A3-9474-1A3956D46DE8}") = "Solution Items", "Solution Items", "{CA745258-AB39-4389-8F7A-C4531D879489}"
	ProjectSection(SolutionItems) = preProject
		INFO.txt = INFO.txt
	EndProjectSection
EndProject
Global
	GlobalSection(SolutionConfigurationPlatforms) = preSolution
		Debug|x64 = Debug|x64
		Debug|x86 = Debug|x86
		Release|x64 = Release|x64
		Release|x86 = Release|x86
	EndGlobalSection
	GlobalSection(ProjectConfigurationPlatforms) = postSolution
		{70629476-B0EA-48DB-97EC-8B1ECD7CDCD2}.Debug|x64.ActiveCfg = Debug|x64
		{70629476-B0EA-48DB-97EC-8B1ECD7CDCD2}.Debug|x64.Build.0 = Debug|x64
		{70629476-B0EA-48DB-97EC-8B1ECD7CDCD2}.Debug|x86.ActiveCfg = Debug|Win32
		{70629476-B0EA-48DB-97EC-8B1ECD7CDCD2}.Debug|x86.Build.0 = Debug|Win32
		{70629476-B0EA-48DB-97EC-8B1ECD7CDCD2}.Release|x64.ActiveCfg = Release|x64
		{70629476-B0EA-48DB-97EC-8B1ECD7CDCD2}.Release|x64.Build.0 = Release|x64
		{70629476-B0EA-48DB-97EC-8B1ECD7CDCD2}.Release|x86.ActiveCfg = Release|Win32
		{70629476-B0EA-48DB-97EC-8B1ECD7CDCD2}.Release|x86.Build.0 = Release|Win32
		{43A766F4-3284-482D-9D5C-D0C612397A01}.Debug|x64.ActiveCfg = Debug|x64
		{43A766F4-3284-482D-9D5C-D0C612397A01}.Debug|x64.Build.0 = Debug|x64
		{43A766F4-3284-482D-9D5C-D0C612397A01}.Debug|x86.ActiveCfg = Debug|Win32
		{43A766F4-3284-482D-9D5C-D0C612397A01}.Debug|x86.Build.0 = Debug|Win32
		{43A766F4-3284-482D-9D5C-D0C612397A01}.Release|x64.ActiveCfg = Release|x64
		{43A766F4-3284-482D-9D5C-D0C612397A01}.Release|x64.Build.0 = Release|x64
		{43A766F4-3284-482D-9D5C-D0C612397A01}.Release|x86.ActiveCfg = Release|Win32
		{43A766F4-3284-482D-9D5C-D0C612397A01}.Release|x86.Build.0 = Release|Win32
		{08A50AF0-0C8C-4B0C-82C8-BC28EF197051}.Debug|x64.ActiveCfg = Debug|x64
		{08A50AF0-0C8C-4B0C-82C8-BC28EF197051}.Debug|x64.Build.0 = Debug|x64
		{08A50AF0-0C8C-4B0C-82C8-BC28EF197051}.Debug|x86.ActiveCfg = Debug|Win32
		{08A50AF0-0C8C-4B0C-82C8-BC28EF197051}.Debug|x86.Build.0 = Debug|Win32
		{08A50AF0-0C8C-4B0C-82C8-BC28EF197051}.Release|x64.ActiveCfg = Release|x64
		{08A50AF0-0C8C-4B0C-82C8-BC28EF197051}.Release|x64.Build.0 = Release|x64
		{08A50AF0-0C8C-4B0C-82C8-BC28EF197051}.Release|x86.ActiveCfg = Release|Win32
		{08A50AF0-0C8C-4B0C-82C8-BC28EF197051}.Release|x86.Build.0 = Release|Win32
		{25D21B30-2516-4E43-AD71-33102348B33A}.Debug|x64.ActiveCfg = Debug|x64
		{25D21B30-2516-4E43-AD71-33102348B33A}.Debug|x64.Build.0 = Debug|x64
		{25D21B30-2516-4E43-AD71-33102348B33A}.Debug|x86.ActiveCfg = Debug|Win32
		{25D21B30-2516-4E43-AD71-33102348B33A}.Debug|x86.Build.0 = Debug|Win32
		{25D21B30-2516-4E43-AD71-33102348B33A}.Release|x64.ActiveCfg = Release|x64
		{25D21B30-2516-4E43-AD71-33102348B33A}.Release|x64.Build.0 = Release|x64
		{25D21B30-2516-4E43-AD71-33102348B33A}.Release|x86.ActiveCfg = Release|Win32
		{25D21B30-2516-4E43-AD71-33102348B33A}.Release|x86.Build.0 = Release|Win32
		{564F9443-847F-4365-9B86-9A94C403E6B6}.Debug|x64.ActiveCfg = Debug|x64
		{564F9443-847F-4365-9B86-9A94C403E6B6}.Debug|x64.Build.0 = Debug|x64
		{564F9443-847F-4365-9B86-9A94C403E6B6}.Debug|x86.ActiveCfg = Debug|Win32
		{564F9443-847F-4365-9B86-9A94C403E6B6}.Debug|x86.Build.0 = Debug|Win32
		{564F9443-847F-4365-9B86-9A94C403E6B6}.Release|x64.ActiveCfg = Release|x64
		{564F9443-847F-4365-9B86-9A94C403E6B6}.Release|x64.Build.0 = Release|x64
		{564F9443-847F-4365-9B86-9A94C403E6B6}.Release|x86.ActiveCfg = Release|Win32
		{564F9443-847F-4365-9B86-9A94C403E6B6}.Release|x86.Build.0 = Release|Win32
		{A4160A49-100A-4302-92B8-78994074E07B}.Debug|x64.ActiveCfg = Debug|x64
		{A4160A49-100A-4302-92B8-78994074E07B}.Debug|x64.Build.0 = Debug|x64
		{A4160A49-100A-4302-92B8-78994074E07B}.Debug|x86.ActiveCfg = Debug|Win32
		{A4160A49-100A-4302-92B8-78994074E07B}.Debug|x86.Build.0 = Debug|Win32
		{A4160A49-100A-4302-92B8-78994074E07B}.Release|x64.ActiveCfg = Release|x64
		{A4160A49-100A-4302-92B8-78994074E07B}.Release|x64.Build.0 = Release|x64
		{A4160A49-100A-4302-92B8-78994074E07B}.Release|x86.ActiveCfg = Release|Win32
		{A4160A49-100A-4302-92B8-78994074E07B}.Release|x86.Build.0 = Release|Win32
		{97990200-41E0-47BF-AFC7-F02B9DDDF4C7}.Debug|x64.ActiveCfg = Debug|x64
		{97990200-41E0-47BF-AFC7-F02B9DDDF4C7}.Debug|x64.Build.0 = Debug|x64
		{97990200-41E0-47BF-AFC7-F02B9DDDF4C7}.Debug|x86.ActiveCfg = Debug|Win32
		{97990200-41E0-47BF-AFC7-F02B9DDDF4C7}.Debug|x86.Build.0 = Debug|Win32
		{97990200-41E0-47BF-AFC7-F02B9DDDF4C7}.Release|x64.ActiveCfg = Release|x64
		{97990200-41E0-47BF-AFC7-F02B9DDDF4C7}.Release|x64.Build.0 = Release|x64
		{97990200-41E0-47BF-AFC7-F02B9DDDF4C7}.Release|x86.ActiveCfg = Release|Win32
		{97990200-41E0-47BF-AFC7-F02B9DDDF4C7}.Release|x86.Build.0 = Release|Win32
		{FDCC96D7-3C4E-46C9-8C1C-E354096992C8}.Debug|x64.ActiveCfg = Debug|x64
		{FDCC96D7-3C4E-46C9-8C1C-E354096992C8}.Debug|x64.Build.0 = Debug|x64
		{FDCC96D7-3C4E-46C9-8C1C-E354096992C8}.Debug|x86.ActiveCfg = Debug|Win32
		{FDCC96D7-3C4E-46C9-8C1C-E354096992C8}.Debug|x86.Build.0 = Debug|Win32
		{FDCC96D7-3C4E-46C9-8C1C-E354096992C8}.Release|x64.ActiveCfg = Release|x64
		{FDCC96D7-3C4E-46C9-8C1C-E354096992C8}.Release|x64.Build.0 = Release|x64
		{FDCC96D7-3C4E-46C9-8C1C-E354096992C8}.Release|x86.ActiveCfg = Release|Win32
		{FDCC96D7-3C4E-46C9-8C1C-E354096992C8}.Release|x86.Build.0 = Release|Win32
		{2856B4E4-D9AF-4A3C-BB35-13116BA346C8}.Debug|x64.ActiveCfg = Debug|x64
		{2856B4E4-D9AF-4A3C-BB35-13116BA346C8}.Debug|x64.Build.0 = Debug|x64
		{2856B4E4-D9AF-4A3C-BB35-13116BA346C8}.Debug|x86.ActiveCfg = Debug|Win32
		{2856B4E4-D9AF-4A3C-BB35-13116BA346C8}.Debug|x86.Build.0 = Debug|Win32
		{2856B4E4-D9AF-4A3C-BB35-13116BA346C8}.Release|x64.ActiveCfg = Release|x64
		{2856B4E4-D9AF-4A3C-BB35-13116BA346C8}.Release|x64.Build.0 = Release|x64
		{2856B4E4-D9AF-4A3C-BB35-13116BA346C8}.Release|x86.ActiveCfg = Release|Win32
		{2856B4E4-D9AF-4A3C-BB35-13116BA346C8}.Release|x86.Build.0 = Release|Win32
		{F62DC288-7C07-41BA-A909-F0D4EFF2711D}.Debug|x64.ActiveCfg = Debug|x64
		{F62DC288-7C07-41BA-A909-F0D4EFF2711D}.Debug|x64.Build.0 = Debug|x64
		{F62DC288-7C07-41BA-A909-F0D4EFF2711D}.Debug|x86.ActiveCfg = Debug|Win32
		{F62DC288-7C07-41BA-A909-F0D4EFF2711D}.Debug|x86.Build.0 = Debug|Win32
		{F62DC288-7C07-41BA-A909-F0D4EFF2711D}.Release|x64.ActiveCfg = Release|x64
		{F62DC288-7C07-41BA-A909-F0D4EFF2711D}.Release|x64.Build.0 = Release|x64
		{F62DC288-7C07-41BA-A909-F0D4EFF2711D}.Release|x86.ActiveCfg = Release|Win32
		{F62DC288-7C07-41BA-A909-F0D4EFF2711D}.Release|x86.Build.0 = Release|Win32
		{02C45F05-8082-4F05-9BCA-D6EE5D8725B7}.Debug|x64.ActiveCfg = Debug|x64
		{02C45F05-8082-4F05-9BCA-D6EE5D8725B7}.Debug|x64.Build.0 = Debug|x64
		{02C45F05-8082-4F05-9BCA-D6EE5D8725B7}.Debug|x86.ActiveCfg = Debug|Win32
		{02C45F05-8082-4F05-9BCA-D6EE5D8725B7}.Debug|x86.Build.0 = Debug|Win32
		{02C45F05-8082-4F05-9BCA-D6EE5D8725B7}.Release|x64.ActiveCfg = Release|x64
		{02C45F05-8082-4F05-9BCA-D6EE5D8725B7}.Release|x64.Build.0 = Release|x64
		{02C45F05-8082-4F05-9BCA-D6EE5D8725B7}.Release|x86.ActiveCfg = Release|Win32
		{02C45F05-8082-4F05-9BCA-D6EE5D8725B7}.Release|x86.Build.0 = Release|Win32
		{871C6844-7140-488F-A48E-E8019E6E928E}.Debug|x64.ActiveCfg = Debug|x64
		{871C6844-7140-488F-A48E-E8019E6E928E}.Debug|x64.Build.0 = Debug|x64
		{871C6844-7140-488F-A48E-E8019E6E928E}.Debug|x86.ActiveCfg = Debug|Win32
		{871C6844-7140-488F-A48E-E8019E6E928E}.Debug|x86.Build.0 = Debug|Win32
		{871C6844-7140-488F-A48E-E8019E6E928E}.Release|x64.ActiveCfg = Release|x64
		{871C6844-7140-488F-A48E-E8019E6E928E}.Release|x64.Build.0 = Release|x64
		{871C6844-7140-488F-A48E-E8019E6E928E}.Release|x86.ActiveCfg = Release|Win32
		{871C6844-7140-488F-A48E-E8019E6E928E}.Release|x86.Build.0 = Release|Win32
		{B84AAEBC-42B8-491E-8067-B15502DC9CA4}.Debug|x64.ActiveCfg = Debug|x64
		{B84AAEBC-42B8-491E-8067-B15502DC9CA4}.Debug|x64.Build.0 = Debug|x64
		{B84AAEBC-42B8-491E-8067-B15502DC9CA4}.Debug|x86.ActiveCfg = Debug|Win32
		{B84AAEBC-42B8-491E-8067-B15502DC9CA4}.Debug|x86.Build.0 = Debug|Win32
		{B84AAEBC-42B8-491E-8067-B15502DC9CA4}.Release|x64.ActiveCfg = Release|x64
		{B84AAEBC-42B8-491E-8067-B15502DC9CA4}.Release|x64.Build.0 = Release|x64
		{B84AAEBC-42B8-491E-8067-B15502DC9CA4}.Release|x86.ActiveCfg = Release|Win32
		{B84AAEBC-42B8-491E-8067-B15502DC9CA4}.Release|x86.Build.0 = Release|Win32
		{F52B20C3-0ADE-4129-AE5B-A8403C04F987}.Debug|x64.ActiveCfg = Debug|x64
		{F52B20C3-0ADE-4129-AE5B-A8403C04F987}.Debug|x64.Build.0 = Debug|x64
		{F52B20C3-0ADE-4129-AE5B-A8403C04F987}.Debug|x86.ActiveCfg = Debug|Win32
		{F52B20C3-0ADE-4129-AE5B-A8403C04F987}.Debug|x86.Build.0 = Debug|Win32
		{F52B20C3-0ADE-4129-AE5B-A8403C04F987}.Release|x64.ActiveCfg = Release|x64
		{F52B20C3-0ADE-4129-AE5B-A8403C04F987}.Release|x64.Build.0 = Release|x64
		{F52B20C3-0ADE-4129-AE5B-A8403C04F987}.Release|x86.ActiveCfg = Release|Win32
		{F52B20C3-0ADE-4129-AE5B-A8403C04F987}.Release|x86.Build.0 = Release|Win32
		{90599DFD-4A9B-44F5-B1E0-12B7A891FA3C}.Debug|x64.ActiveCfg = Debug|x64
		{90599DFD-4A9B-44F5-B1E0-12B7A891FA3C}.Debug|x64.Build.0 = Debug|x64
		{90599DFD-4A9B-44F5-B1E0-12B7A891FA3C}.Debug|x86.ActiveCfg = Debug|Win32
		{90599DFD-4A9B-44F5-B1E0-12B7A891FA3C}.Debug|x86.Build.0 = Debug|Win32
		{90599DFD-4A9B-44F5-B1E0-12B7A891FA3C}.Release|x64.ActiveCfg = Release|x64
		{90599DFD-4A9B-44F5-B1E0-12B7A891FA3C}.Release|x64.Build.0 = Release|x64
		{90599DFD-4A9B-44F5-B1E0-12B7A891FA3C}.Release|x86.ActiveCfg = Release|Win32
		{90599DFD-4A9B-44F5-B1E0-12B7A891FA3C}.Release|x86.Build.0 = Release|Win32
		{7D8FC7C4-3659-430A-9A88-35BA61C56B67}.Debug|x64.ActiveCfg = Debug|x64
		{7D8FC7C4-3659-430A-9A88-35BA61C56B67}.Debug|x64.Build.0 = Debug|x64
		{7D8FC7C4-3659-430A-9A88-35BA61C56B67}.Debug|x86.ActiveCfg = Debug|Win32
		{7D8FC7C4-3659-430A-9A88-35BA61C56B67}.Debug|x86.Build.0 = Debug|Win32
		{7D8FC7C4-3659-430A-9A88-35BA61C56B67}.Release|x64.ActiveCfg = Release|x64
		{7D8FC7C4-3659-430A-9A88-35BA61C56B67}.Release|x64.Build.0 = Release|x64
		{7D8FC7C4-3659-430A-9A88-35BA61C56B67}.Release|x86.ActiveCfg = Release|Win32
		{7D8FC7C4-3659-430A-9A88-35BA61C56B67}.Release|x86.Build.0 = Release|Win32
		{9970BDEE-D802-4CC8-B818-8B8D6833C418}.Debug|x64.ActiveCfg = Debug|x64
		{9970BDEE-D802-4CC8-B818-8B8D6833C418}.Debug|x64.Build.0 = Debug|x64
		{9970BDEE-D802-4CC8-B818-8B8D6833C418}.Debug|x86.ActiveCfg = Debug|Win32
		{9970BDEE-D802-4CC8-B818-8B8D6833C418}.Debug|x86.Build.0 = Debug|Win32
		{9970BDEE-D802-4CC8-B818-8B8D6833C418}.Release|x64.ActiveCfg = Release|x64
		{9970BDEE-D802-4CC8-B818-8B8D6833C418}.Release|x64.Build.0 = Release|x64
		{9970BDEE-D802-4CC8-B818-8B8D6833C418}.Release|x86.ActiveCfg = Release|Win32
		{9970BDEE-D802-4CC8-B818-8B8D6833C418}.Release|x86.Build.0 = Release|Win32
		{DBA94346-6773-46CA-879D-0203D4B87A93}.Debug|x64.ActiveCfg = Debug|x64
		{DBA94346-6773-46CA-879D-0203D4B87A93}.Debug|x64.Build.0 = Debug|x64
		{DBA94346-6773-46CA-879D-0203D4B87A93}.Debug|x86.ActiveCfg = Debug|Win32
		{DBA94346-6773-46CA-879D-0203D4B87A93}.Debug|x86.Build.0 = Debug|Win32
		{DBA94346-6773-46CA-879D-0203D4B87A93}.Release|x64.ActiveCfg = Release|x64
		{DBA94346-6773-46CA-879D-0203D4B87A93}.Release|x64.Build.0 = Release|x64
		{DBA94346-6773-46CA-879D-0203D4B87A93}.Release|x86.ActiveCfg = Release|Win32
		{DBA94346-6773-46CA-879D-0203D4B87A93}.Release|x86.Build.0 = Release|Win32
		{CC9E1863-61BB-4935-AF56-BF136F9BA00B}.Debug|x64.ActiveCfg = Debug|x64
		{CC9E1863-61BB-4935-AF56-BF136F9BA00B}.Debug|x64.Build.0 = Debug|x64
		{CC9E1863-61BB-4935-AF56-BF136F9BA00B}.Debug|x86.ActiveCfg = Debug|Win32
		{CC9E1863-61BB-4935-AF56-BF136F9BA00B}.Debug|x86.Build.0 = Debug|Win32
		{CC9E1863-61BB-4935-AF56-BF136F9BA00B}.Release|x64.ActiveCfg = Release|x64
		{CC9E1863-61BB-4935-AF56-BF136F9BA00B}.Release|x64.Build.0 = Release|x64
		{CC9E1863-61BB-4935-AF56-BF136F9BA00B}.Release|x86.ActiveCfg = Release|Win32
		{CC9E1863-61BB-4935-AF56-BF136F9BA00B}.Release|x86.Build.0 = Release|Win32
		{55EA992F-089D-49C4-8121-122A44E736F5}.Debug|x64.ActiveCfg = Debug|x64
		{55EA992F-089D-49C4-8121-122A44E736F5}.Debug|x64.Build.0 = Debug|x64
		{55EA992F-089D-49C4-8121-122A44E736F5}.Debug|x86.ActiveCfg = Debug|Win32
		{55EA992F-089D-49C4-8121-122A44E736F5}.Debug|x86.Build.0 = Debug|Win32
		{55EA992F-089D-49C4-8121-122A44E736F5}.Release|x64.ActiveCfg = Release|x64
		{55EA992F-089D-49C4-8121-122A44E736F5}.Release|x64.Build.0 = Release|x64
		{55EA992F-089D-49C4-8121-122A44E736F5}.Release|x86.ActiveCfg = Release|Win32
		{55EA992F-089D-49C4-8121-122A44E736F5}.Release|x86.Build.0 = Release|Win32
	EndGlobalSection
	GlobalSection(SolutionProperties) = preSolution
		HideSolutionNode = FALSE
	EndGlobalSection
	GlobalSection(ExtensibilityGlobals) = postSolution
		SolutionGuid = {35D42D20-0EA9-4600-9DC5-16F72DA63E7F}
	EndGlobalSection
EndGlobal
